
Microsoft Visual Studio Solution File, Format Version 12.00
# Visual Studio Version 17
VisualStudioVersion = 17.11.35327.3
MinimumVisualStudioVersion = 10.0.40219.1
Project("{FAE04EC0-301F-11D3-BF4B-00C04F79EFBC}") = "LicenseDemoProject", "LicenseDemoProject\LicenseDemoProject.csproj", "{6C69464A-0A78-406C-B7B9-B30CC827C510}"
EndProject
Project("{FAE04EC0-301F-11D3-BF4B-00C04F79EFBC}") = "LicenseDemoProject.Android", "LicenseDemoProject.Android\LicenseDemoProject.Android.csproj", "{308ECD0C-C56E-4538-AFC5-62AFB6FBE8C3}"
EndProject
Project("{FAE04EC0-301F-11D3-BF4B-00C04F79EFBC}") = "LicenseDemoProject.Desktop", "LicenseDemoProject.Desktop\LicenseDemoProject.Desktop.csproj", "{2E40F868-6A74-4CA0-A657-50723107A500}"
EndProject
Project("{FAE04EC0-301F-11D3-BF4B-00C04F79EFBC}") = "LicenseDemoProject.iOS", "LicenseDemoProject.iOS\LicenseDemoProject.iOS.csproj", "{B89A362C-B2F2-465B-975F-926FA2AD00F6}"
EndProject
Project("{FAE04EC0-301F-11D3-BF4B-00C04F79EFBC}") = "LicenseDemoProject.Browser", "LicenseDemoProject.Browser\LicenseDemoProject.Browser.csproj", "{B338C846-4BEC-48DB-8C30-6DA1BA200C5B}"
EndProject
Project("{FAE04EC0-301F-11D3-BF4B-00C04F79EFBC}") = "LicenseDemoProject.ViewModels", "LicenseDemoProject.ViewModels\LicenseDemoProject.ViewModels.csproj", "{12B1A1D1-588F-4B5B-B8FB-511E682F5A2A}"
EndProject
Project("{FAE04EC0-301F-11D3-BF4B-00C04F79EFBC}") = "LicenseDemoProject.Views", "LicenseDemoProject.Views\LicenseDemoProject.Views.csproj", "{2CB76556-CA3D-4B61-B146-4D0AC726F893}"
EndProject
Project("{FAE04EC0-301F-11D3-BF4B-00C04F79EFBC}") = "LicenseDemoProject.Services", "LicenseDemoProject.Services\LicenseDemoProject.Services.csproj", "{7DEEB46B-F26D-4082-B2E5-B3F2CF92790A}"
EndProject
Global
	GlobalSection(SolutionConfigurationPlatforms) = preSolution
		Debug|Any CPU = Debug|Any CPU
		Release|Any CPU = Release|Any CPU
	EndGlobalSection
	GlobalSection(ProjectConfigurationPlatforms) = postSolution
		{6C69464A-0A78-406C-B7B9-B30CC827C510}.Debug|Any CPU.ActiveCfg = Debug|Any CPU
		{6C69464A-0A78-406C-B7B9-B30CC827C510}.Debug|Any CPU.Build.0 = Debug|Any CPU
		{6C69464A-0A78-406C-B7B9-B30CC827C510}.Release|Any CPU.ActiveCfg = Release|Any CPU
		{6C69464A-0A78-406C-B7B9-B30CC827C510}.Release|Any CPU.Build.0 = Release|Any CPU
		{308ECD0C-C56E-4538-AFC5-62AFB6FBE8C3}.Debug|Any CPU.ActiveCfg = Debug|Any CPU
		{308ECD0C-C56E-4538-AFC5-62AFB6FBE8C3}.Debug|Any CPU.Build.0 = Debug|Any CPU
		{308ECD0C-C56E-4538-AFC5-62AFB6FBE8C3}.Debug|Any CPU.Deploy.0 = Debug|Any CPU
		{308ECD0C-C56E-4538-AFC5-62AFB6FBE8C3}.Release|Any CPU.ActiveCfg = Release|Any CPU
		{308ECD0C-C56E-4538-AFC5-62AFB6FBE8C3}.Release|Any CPU.Build.0 = Release|Any CPU
		{308ECD0C-C56E-4538-AFC5-62AFB6FBE8C3}.Release|Any CPU.Deploy.0 = Release|Any CPU
		{2E40F868-6A74-4CA0-A657-50723107A500}.Debug|Any CPU.ActiveCfg = Debug|Any CPU
		{2E40F868-6A74-4CA0-A657-50723107A500}.Debug|Any CPU.Build.0 = Debug|Any CPU
		{2E40F868-6A74-4CA0-A657-50723107A500}.Release|Any CPU.ActiveCfg = Release|Any CPU
		{2E40F868-6A74-4CA0-A657-50723107A500}.Release|Any CPU.Build.0 = Release|Any CPU
		{B89A362C-B2F2-465B-975F-926FA2AD00F6}.Debug|Any CPU.ActiveCfg = Debug|Any CPU
		{B89A362C-B2F2-465B-975F-926FA2AD00F6}.Debug|Any CPU.Build.0 = Debug|Any CPU
		{B89A362C-B2F2-465B-975F-926FA2AD00F6}.Debug|Any CPU.Deploy.0 = Debug|Any CPU
		{B89A362C-B2F2-465B-975F-926FA2AD00F6}.Release|Any CPU.ActiveCfg = Release|Any CPU
		{B89A362C-B2F2-465B-975F-926FA2AD00F6}.Release|Any CPU.Build.0 = Release|Any CPU
		{B89A362C-B2F2-465B-975F-926FA2AD00F6}.Release|Any CPU.Deploy.0 = Release|Any CPU
		{B338C846-4BEC-48DB-8C30-6DA1BA200C5B}.Debug|Any CPU.ActiveCfg = Debug|Any CPU
		{B338C846-4BEC-48DB-8C30-6DA1BA200C5B}.Debug|Any CPU.Build.0 = Debug|Any CPU
		{B338C846-4BEC-48DB-8C30-6DA1BA200C5B}.Release|Any CPU.ActiveCfg = Release|Any CPU
		{B338C846-4BEC-48DB-8C30-6DA1BA200C5B}.Release|Any CPU.Build.0 = Release|Any CPU
		{12B1A1D1-588F-4B5B-B8FB-511E682F5A2A}.Debug|Any CPU.ActiveCfg = Debug|Any CPU
		{12B1A1D1-588F-4B5B-B8FB-511E682F5A2A}.Debug|Any CPU.Build.0 = Debug|Any CPU
		{12B1A1D1-588F-4B5B-B8FB-511E682F5A2A}.Release|Any CPU.ActiveCfg = Release|Any CPU
		{12B1A1D1-588F-4B5B-B8FB-511E682F5A2A}.Release|Any CPU.Build.0 = Release|Any CPU
		{2CB76556-CA3D-4B61-B146-4D0AC726F893}.Debug|Any CPU.ActiveCfg = Debug|Any CPU
		{2CB76556-CA3D-4B61-B146-4D0AC726F893}.Debug|Any CPU.Build.0 = Debug|Any CPU
		{2CB76556-CA3D-4B61-B146-4D0AC726F893}.Release|Any CPU.ActiveCfg = Release|Any CPU
		{2CB76556-CA3D-4B61-B146-4D0AC726F893}.Release|Any CPU.Build.0 = Release|Any CPU
		{7DEEB46B-F26D-4082-B2E5-B3F2CF92790A}.Debug|Any CPU.ActiveCfg = Debug|Any CPU
		{7DEEB46B-F26D-4082-B2E5-B3F2CF92790A}.Debug|Any CPU.Build.0 = Debug|Any CPU
		{7DEEB46B-F26D-4082-B2E5-B3F2CF92790A}.Release|Any CPU.ActiveCfg = Release|Any CPU
		{7DEEB46B-F26D-4082-B2E5-B3F2CF92790A}.Release|Any CPU.Build.0 = Release|Any CPU
	EndGlobalSection
	GlobalSection(SolutionProperties) = preSolution
		HideSolutionNode = FALSE
	EndGlobalSection
	GlobalSection(ExtensibilityGlobals) = postSolution
		SolutionGuid = {EA2F6661-ACD0-4BA2-85B8-550689ECD6C6}
	EndGlobalSection
EndGlobal
